
Microsoft Visual Studio Solution File, Format Version 12.00
# Visual Studio 15
VisualStudioVersion = 15.0.28010.2036
MinimumVisualStudioVersion = 10.0.40219.1
Project("{FAE04EC0-301F-11D3-BF4B-00C04F79EFBC}") = "Test", "Test\Test.csproj", "{8F63DD9B-0A06-48F1-801A-69087D699651}"
EndProject
Global
	GlobalSection(SolutionConfigurationPlatforms) = preSolution
		Debug|Any CPU = Debug|Any CPU
		Release|Any CPU = Release|Any CPU
	EndGlobalSection
	GlobalSection(ProjectConfigurationPlatforms) = postSolution
		{8F63DD9B-0A06-48F1-801A-69087D699651}.Debug|Any CPU.ActiveCfg = Debug|Any CPU
		{8F63DD9B-0A06-48F1-801A-69087D699651}.Debug|Any CPU.Build.0 = Debug|Any CPU
		{8F63DD9B-0A06-48F1-801A-69087D699651}.Release|Any CPU.ActiveCfg = Release|Any CPU
		{8F63DD9B-0A06-48F1-801A-69087D699651}.Release|Any CPU.Build.0 = Release|Any CPU
	EndGlobalSection
	GlobalSection(SolutionProperties) = preSolution
		HideSolutionNode = FALSE
	EndGlobalSection
	GlobalSection(ExtensibilityGlobals) = postSolution
		SolutionGuid = {F2E1FC1D-4AB1-4C30-AF79-2023509E287F}
	EndGlobalSection
EndGlobal
